
Microsoft Visual Studio Solution File, Format Version 12.00
# Visual Studio 15
VisualStudioVersion = 15.0.27004.2008
MinimumVisualStudioVersion = 10.0.40219.1
Project("{2150E333-8FDC-42A3-9474-1A3956D46DE8}") = "0 - Presentation", "0 - Presentation", "{786FDCF5-42A5-40B2-8338-3723A7F046FF}"
EndProject
Project("{2150E333-8FDC-42A3-9474-1A3956D46DE8}") = "1 - Services", "1 - Services", "{CCA0B3B2-BB9E-4071-A479-3C6D363DBBAE}"
EndProject
Project("{2150E333-8FDC-42A3-9474-1A3956D46DE8}") = "2 - Application", "2 - Application", "{62E907E3-9A2A-453B-86C9-7CE86FF11959}"
EndProject
Project("{2150E333-8FDC-42A3-9474-1A3956D46DE8}") = "3 - Domain", "3 - Domain", "{D3331E97-5DEF-4148-95D1-503B6EBA0360}"
EndProject
Project("{2150E333-8FDC-42A3-9474-1A3956D46DE8}") = "4 - Infra", "4 - Infra", "{0BBF1F48-B7FF-4192-BCEC-6005D65320B2}"
EndProject
Project("{2150E333-8FDC-42A3-9474-1A3956D46DE8}") = "4.1 - CrossCutting", "4.1 - CrossCutting", "{94A2716A-4A25-4C5B-99D2-8C6530434980}"
EndProject
Project("{2150E333-8FDC-42A3-9474-1A3956D46DE8}") = "4.2 - Data", "4.2 - Data", "{F62FA880-4F04-4C7C-98C3-F006C462E8EB}"
EndProject
Project("{FAE04EC0-301F-11D3-BF4B-00C04F79EFBC}") = "TesteM.Web.MVC", "TesteM.Web.MVC\TesteM.Web.MVC.csproj", "{27AE8B17-0B91-497C-A543-AFD904C8A11A}"
EndProject
Project("{FAE04EC0-301F-11D3-BF4B-00C04F79EFBC}") = "TesteM.Web.MVC.Tests", "TesteM.Web.MVC.Tests\TesteM.Web.MVC.Tests.csproj", "{169863F3-80CA-4EDD-A99A-9C6E217F5C04}"
EndProject
Project("{FAE04EC0-301F-11D3-BF4B-00C04F79EFBC}") = "TesteM.Domain", "TesteM.Domain\TesteM.Domain.csproj", "{305409D5-305F-4ACF-A98D-7AF00CF30873}"
EndProject
Project("{FAE04EC0-301F-11D3-BF4B-00C04F79EFBC}") = "TesteM.Infra.Data", "TesteM.Infra.Data\TesteM.Infra.Data.csproj", "{844AA448-8C56-4EC1-897F-98454F9071EA}"
EndProject
Project("{FAE04EC0-301F-11D3-BF4B-00C04F79EFBC}") = "TestM.Infra.CrossCutting.Ioc", "TestM.Infra.CrossCutting\TestM.Infra.CrossCutting.Ioc.csproj", "{428C3267-57B3-4D71-A023-DD999FBF617F}"
EndProject
Project("{FAE04EC0-301F-11D3-BF4B-00C04F79EFBC}") = "TesteM.Application", "TesteM.Application\TesteM.Application.csproj", "{A730BA9E-6D0A-4783-89B8-78CE9C48BEBE}"
EndProject
Global
	GlobalSection(SolutionConfigurationPlatforms) = preSolution
		Debug|Any CPU = Debug|Any CPU
		Debug|ARM = Debug|ARM
		Debug|x64 = Debug|x64
		Debug|x86 = Debug|x86
		Release|Any CPU = Release|Any CPU
		Release|ARM = Release|ARM
		Release|x64 = Release|x64
		Release|x86 = Release|x86
	EndGlobalSection
	GlobalSection(ProjectConfigurationPlatforms) = postSolution
		{27AE8B17-0B91-497C-A543-AFD904C8A11A}.Debug|Any CPU.ActiveCfg = Debug|Any CPU
		{27AE8B17-0B91-497C-A543-AFD904C8A11A}.Debug|Any CPU.Build.0 = Debug|Any CPU
		{27AE8B17-0B91-497C-A543-AFD904C8A11A}.Debug|ARM.ActiveCfg = Debug|Any CPU
		{27AE8B17-0B91-497C-A543-AFD904C8A11A}.Debug|ARM.Build.0 = Debug|Any CPU
		{27AE8B17-0B91-497C-A543-AFD904C8A11A}.Debug|x64.ActiveCfg = Debug|Any CPU
		{27AE8B17-0B91-497C-A543-AFD904C8A11A}.Debug|x64.Build.0 = Debug|Any CPU
		{27AE8B17-0B91-497C-A543-AFD904C8A11A}.Debug|x86.ActiveCfg = Debug|Any CPU
		{27AE8B17-0B91-497C-A543-AFD904C8A11A}.Debug|x86.Build.0 = Debug|Any CPU
		{27AE8B17-0B91-497C-A543-AFD904C8A11A}.Release|Any CPU.ActiveCfg = Release|Any CPU
		{27AE8B17-0B91-497C-A543-AFD904C8A11A}.Release|Any CPU.Build.0 = Release|Any CPU
		{27AE8B17-0B91-497C-A543-AFD904C8A11A}.Release|ARM.ActiveCfg = Release|Any CPU
		{27AE8B17-0B91-497C-A543-AFD904C8A11A}.Release|ARM.Build.0 = Release|Any CPU
		{27AE8B17-0B91-497C-A543-AFD904C8A11A}.Release|x64.ActiveCfg = Release|Any CPU
		{27AE8B17-0B91-497C-A543-AFD904C8A11A}.Release|x64.Build.0 = Release|Any CPU
		{27AE8B17-0B91-497C-A543-AFD904C8A11A}.Release|x86.ActiveCfg = Release|Any CPU
		{27AE8B17-0B91-497C-A543-AFD904C8A11A}.Release|x86.Build.0 = Release|Any CPU
		{169863F3-80CA-4EDD-A99A-9C6E217F5C04}.Debug|Any CPU.ActiveCfg = Debug|Any CPU
		{169863F3-80CA-4EDD-A99A-9C6E217F5C04}.Debug|Any CPU.Build.0 = Debug|Any CPU
		{169863F3-80CA-4EDD-A99A-9C6E217F5C04}.Debug|ARM.ActiveCfg = Debug|Any CPU
		{169863F3-80CA-4EDD-A99A-9C6E217F5C04}.Debug|ARM.Build.0 = Debug|Any CPU
		{169863F3-80CA-4EDD-A99A-9C6E217F5C04}.Debug|x64.ActiveCfg = Debug|Any CPU
		{169863F3-80CA-4EDD-A99A-9C6E217F5C04}.Debug|x64.Build.0 = Debug|Any CPU
		{169863F3-80CA-4EDD-A99A-9C6E217F5C04}.Debug|x86.ActiveCfg = Debug|Any CPU
		{169863F3-80CA-4EDD-A99A-9C6E217F5C04}.Debug|x86.Build.0 = Debug|Any CPU
		{169863F3-80CA-4EDD-A99A-9C6E217F5C04}.Release|Any CPU.ActiveCfg = Release|Any CPU
		{169863F3-80CA-4EDD-A99A-9C6E217F5C04}.Release|Any CPU.Build.0 = Release|Any CPU
		{169863F3-80CA-4EDD-A99A-9C6E217F5C04}.Release|ARM.ActiveCfg = Release|Any CPU
		{169863F3-80CA-4EDD-A99A-9C6E217F5C04}.Release|ARM.Build.0 = Release|Any CPU
		{169863F3-80CA-4EDD-A99A-9C6E217F5C04}.Release|x64.ActiveCfg = Release|Any CPU
		{169863F3-80CA-4EDD-A99A-9C6E217F5C04}.Release|x64.Build.0 = Release|Any CPU
		{169863F3-80CA-4EDD-A99A-9C6E217F5C04}.Release|x86.ActiveCfg = Release|Any CPU
		{169863F3-80CA-4EDD-A99A-9C6E217F5C04}.Release|x86.Build.0 = Release|Any CPU
		{305409D5-305F-4ACF-A98D-7AF00CF30873}.Debug|Any CPU.ActiveCfg = Debug|Any CPU
		{305409D5-305F-4ACF-A98D-7AF00CF30873}.Debug|Any CPU.Build.0 = Debug|Any CPU
		{305409D5-305F-4ACF-A98D-7AF00CF30873}.Debug|ARM.ActiveCfg = Debug|Any CPU
		{305409D5-305F-4ACF-A98D-7AF00CF30873}.Debug|ARM.Build.0 = Debug|Any CPU
		{305409D5-305F-4ACF-A98D-7AF00CF30873}.Debug|x64.ActiveCfg = Debug|Any CPU
		{305409D5-305F-4ACF-A98D-7AF00CF30873}.Debug|x64.Build.0 = Debug|Any CPU
		{305409D5-305F-4ACF-A98D-7AF00CF30873}.Debug|x86.ActiveCfg = Debug|Any CPU
		{305409D5-305F-4ACF-A98D-7AF00CF30873}.Debug|x86.Build.0 = Debug|Any CPU
		{305409D5-305F-4ACF-A98D-7AF00CF30873}.Release|Any CPU.ActiveCfg = Release|Any CPU
		{305409D5-305F-4ACF-A98D-7AF00CF30873}.Release|Any CPU.Build.0 = Release|Any CPU
		{305409D5-305F-4ACF-A98D-7AF00CF30873}.Release|ARM.ActiveCfg = Release|Any CPU
		{305409D5-305F-4ACF-A98D-7AF00CF30873}.Release|ARM.Build.0 = Release|Any CPU
		{305409D5-305F-4ACF-A98D-7AF00CF30873}.Release|x64.ActiveCfg = Release|Any CPU
		{305409D5-305F-4ACF-A98D-7AF00CF30873}.Release|x64.Build.0 = Release|Any CPU
		{305409D5-305F-4ACF-A98D-7AF00CF30873}.Release|x86.ActiveCfg = Release|Any CPU
		{305409D5-305F-4ACF-A98D-7AF00CF30873}.Release|x86.Build.0 = Release|Any CPU
		{844AA448-8C56-4EC1-897F-98454F9071EA}.Debug|Any CPU.ActiveCfg = Debug|Any CPU
		{844AA448-8C56-4EC1-897F-98454F9071EA}.Debug|Any CPU.Build.0 = Debug|Any CPU
		{844AA448-8C56-4EC1-897F-98454F9071EA}.Debug|ARM.ActiveCfg = Debug|Any CPU
		{844AA448-8C56-4EC1-897F-98454F9071EA}.Debug|ARM.Build.0 = Debug|Any CPU
		{844AA448-8C56-4EC1-897F-98454F9071EA}.Debug|x64.ActiveCfg = Debug|Any CPU
		{844AA448-8C56-4EC1-897F-98454F9071EA}.Debug|x64.Build.0 = Debug|Any CPU
		{844AA448-8C56-4EC1-897F-98454F9071EA}.Debug|x86.ActiveCfg = Debug|Any CPU
		{844AA448-8C56-4EC1-897F-98454F9071EA}.Debug|x86.Build.0 = Debug|Any CPU
		{844AA448-8C56-4EC1-897F-98454F9071EA}.Release|Any CPU.ActiveCfg = Release|Any CPU
		{844AA448-8C56-4EC1-897F-98454F9071EA}.Release|Any CPU.Build.0 = Release|Any CPU
		{844AA448-8C56-4EC1-897F-98454F9071EA}.Release|ARM.ActiveCfg = Release|Any CPU
		{844AA448-8C56-4EC1-897F-98454F9071EA}.Release|ARM.Build.0 = Release|Any CPU
		{844AA448-8C56-4EC1-897F-98454F9071EA}.Release|x64.ActiveCfg = Release|Any CPU
		{844AA448-8C56-4EC1-897F-98454F9071EA}.Release|x64.Build.0 = Release|Any CPU
		{844AA448-8C56-4EC1-897F-98454F9071EA}.Release|x86.ActiveCfg = Release|Any CPU
		{844AA448-8C56-4EC1-897F-98454F9071EA}.Release|x86.Build.0 = Release|Any CPU
		{428C3267-57B3-4D71-A023-DD999FBF617F}.Debug|Any CPU.ActiveCfg = Debug|Any CPU
		{428C3267-57B3-4D71-A023-DD999FBF617F}.Debug|Any CPU.Build.0 = Debug|Any CPU
		{428C3267-57B3-4D71-A023-DD999FBF617F}.Debug|ARM.ActiveCfg = Debug|Any CPU
		{428C3267-57B3-4D71-A023-DD999FBF617F}.Debug|ARM.Build.0 = Debug|Any CPU
		{428C3267-57B3-4D71-A023-DD999FBF617F}.Debug|x64.ActiveCfg = Debug|Any CPU
		{428C3267-57B3-4D71-A023-DD999FBF617F}.Debug|x64.Build.0 = Debug|Any CPU
		{428C3267-57B3-4D71-A023-DD999FBF617F}.Debug|x86.ActiveCfg = Debug|Any CPU
		{428C3267-57B3-4D71-A023-DD999FBF617F}.Debug|x86.Build.0 = Debug|Any CPU
		{428C3267-57B3-4D71-A023-DD999FBF617F}.Release|Any CPU.ActiveCfg = Release|Any CPU
		{428C3267-57B3-4D71-A023-DD999FBF617F}.Release|Any CPU.Build.0 = Release|Any CPU
		{428C3267-57B3-4D71-A023-DD999FBF617F}.Release|ARM.ActiveCfg = Release|Any CPU
		{428C3267-57B3-4D71-A023-DD999FBF617F}.Release|ARM.Build.0 = Release|Any CPU
		{428C3267-57B3-4D71-A023-DD999FBF617F}.Release|x64.ActiveCfg = Release|Any CPU
		{428C3267-57B3-4D71-A023-DD999FBF617F}.Release|x64.Build.0 = Release|Any CPU
		{428C3267-57B3-4D71-A023-DD999FBF617F}.Release|x86.ActiveCfg = Release|Any CPU
		{428C3267-57B3-4D71-A023-DD999FBF617F}.Release|x86.Build.0 = Release|Any CPU
		{A730BA9E-6D0A-4783-89B8-78CE9C48BEBE}.Debug|Any CPU.ActiveCfg = Debug|Any CPU
		{A730BA9E-6D0A-4783-89B8-78CE9C48BEBE}.Debug|Any CPU.Build.0 = Debug|Any CPU
		{A730BA9E-6D0A-4783-89B8-78CE9C48BEBE}.Debug|ARM.ActiveCfg = Debug|Any CPU
		{A730BA9E-6D0A-4783-89B8-78CE9C48BEBE}.Debug|ARM.Build.0 = Debug|Any CPU
		{A730BA9E-6D0A-4783-89B8-78CE9C48BEBE}.Debug|x64.ActiveCfg = Debug|Any CPU
		{A730BA9E-6D0A-4783-89B8-78CE9C48BEBE}.Debug|x64.Build.0 = Debug|Any CPU
		{A730BA9E-6D0A-4783-89B8-78CE9C48BEBE}.Debug|x86.ActiveCfg = Debug|Any CPU
		{A730BA9E-6D0A-4783-89B8-78CE9C48BEBE}.Debug|x86.Build.0 = Debug|Any CPU
		{A730BA9E-6D0A-4783-89B8-78CE9C48BEBE}.Release|Any CPU.ActiveCfg = Release|Any CPU
		{A730BA9E-6D0A-4783-89B8-78CE9C48BEBE}.Release|Any CPU.Build.0 = Release|Any CPU
		{A730BA9E-6D0A-4783-89B8-78CE9C48BEBE}.Release|ARM.ActiveCfg = Release|Any CPU
		{A730BA9E-6D0A-4783-89B8-78CE9C48BEBE}.Release|ARM.Build.0 = Release|Any CPU
		{A730BA9E-6D0A-4783-89B8-78CE9C48BEBE}.Release|x64.ActiveCfg = Release|Any CPU
		{A730BA9E-6D0A-4783-89B8-78CE9C48BEBE}.Release|x64.Build.0 = Release|Any CPU
		{A730BA9E-6D0A-4783-89B8-78CE9C48BEBE}.Release|x86.ActiveCfg = Release|Any CPU
		{A730BA9E-6D0A-4783-89B8-78CE9C48BEBE}.Release|x86.Build.0 = Release|Any CPU
	EndGlobalSection
	GlobalSection(SolutionProperties) = preSolution
		HideSolutionNode = FALSE
	EndGlobalSection
	GlobalSection(NestedProjects) = preSolution
		{94A2716A-4A25-4C5B-99D2-8C6530434980} = {0BBF1F48-B7FF-4192-BCEC-6005D65320B2}
		{F62FA880-4F04-4C7C-98C3-F006C462E8EB} = {0BBF1F48-B7FF-4192-BCEC-6005D65320B2}
		{27AE8B17-0B91-497C-A543-AFD904C8A11A} = {786FDCF5-42A5-40B2-8338-3723A7F046FF}
		{169863F3-80CA-4EDD-A99A-9C6E217F5C04} = {786FDCF5-42A5-40B2-8338-3723A7F046FF}
		{305409D5-305F-4ACF-A98D-7AF00CF30873} = {D3331E97-5DEF-4148-95D1-503B6EBA0360}
		{844AA448-8C56-4EC1-897F-98454F9071EA} = {F62FA880-4F04-4C7C-98C3-F006C462E8EB}
		{428C3267-57B3-4D71-A023-DD999FBF617F} = {94A2716A-4A25-4C5B-99D2-8C6530434980}
		{A730BA9E-6D0A-4783-89B8-78CE9C48BEBE} = {62E907E3-9A2A-453B-86C9-7CE86FF11959}
	EndGlobalSection
	GlobalSection(ExtensibilityGlobals) = postSolution
		SolutionGuid = {32078213-E5DE-4D2D-B4D0-82B044319CF6}
	EndGlobalSection
EndGlobal
